
Microsoft Visual Studio Solution File, Format Version 12.00
# Visual Studio Version 17
VisualStudioVersion = 17.13.35919.96 d17.13
MinimumVisualStudioVersion = 10.0.40219.1
Project("{FAE04EC0-301F-11D3-BF4B-00C04F79EFBC}") = "CodingTestWalley", "CodingTestWalley\CodingTestWalley.csproj", "{CE754649-4C87-4CD6-A48A-0B86EA97BAAC}"
EndProject
Global
	GlobalSection(SolutionConfigurationPlatforms) = preSolution
		Debug|Any CPU = Debug|Any CPU
		Release|Any CPU = Release|Any CPU
	EndGlobalSection
	GlobalSection(ProjectConfigurationPlatforms) = postSolution
		{CE754649-4C87-4CD6-A48A-0B86EA97BAAC}.Debug|Any CPU.ActiveCfg = Debug|Any CPU
		{CE754649-4C87-4CD6-A48A-0B86EA97BAAC}.Debug|Any CPU.Build.0 = Debug|Any CPU
		{CE754649-4C87-4CD6-A48A-0B86EA97BAAC}.Release|Any CPU.ActiveCfg = Release|Any CPU
		{CE754649-4C87-4CD6-A48A-0B86EA97BAAC}.Release|Any CPU.Build.0 = Release|Any CPU
	EndGlobalSection
	GlobalSection(SolutionProperties) = preSolution
		HideSolutionNode = FALSE
	EndGlobalSection
	GlobalSection(ExtensibilityGlobals) = postSolution
		SolutionGuid = {0FBC104E-39B8-4CB2-9754-33031C72B196}
	EndGlobalSection
EndGlobal
